
Microsoft Visual Studio Solution File, Format Version 12.00
Project("{FAE04EC0-301F-11D3-BF4B-00C04F79EFBC}") = "0-SCore", "0-SCore\0-SCore.csproj", "{5717E58E-D52D-46B1-AF8D-EA06BF410286}"
EndProject
Project("{FAE04EC0-301F-11D3-BF4B-00C04F79EFBC}") = "SphereII Legacy Distant Terrain", "SphereII Legacy Distant Terrain\SphereII Legacy Distant Terrain.csproj", "{87A2B4C8-D921-46DA-BDB6-59F7E22686F5}"
EndProject
Project("{FAE04EC0-301F-11D3-BF4B-00C04F79EFBC}") = "SphereII Peace Of Mind", "SphereII Peace Of Mind\SphereII Peace Of Mind.csproj", "{2BEFA859-CE1D-4F90-8AC6-5A1F213025A9}"
EndProject
Project("{FAE04EC0-301F-11D3-BF4B-00C04F79EFBC}") = "SphereII Take And Replace", "SphereII Take And Replace\SphereII Take And Replace.csproj", "{D7753B76-3B71-452A-BEE1-0378EA492ADC}"
EndProject
Project("{FAE04EC0-301F-11D3-BF4B-00C04F79EFBC}") = "SphereII PG13", "SphereII PG13\SphereII PG13.csproj", "{FCBF6B95-AD2C-4402-8E74-253B0A2FDF9D}"
EndProject
Project("{FAE04EC0-301F-11D3-BF4B-00C04F79EFBC}") = "SphereII Skip Tutorial Quests", "SphereII Skip Tutorial Quests\SphereII Skip Tutorial Quests.csproj", "{7895CBC9-4EB6-405F-B284-8751F0F69950}"
EndProject
Project("{FAE04EC0-301F-11D3-BF4B-00C04F79EFBC}") = "SphereII Winter Project", "SphereII Winter Project\SphereII Winter Project.csproj", "{C2DC2D3C-23A3-4B5F-ACEE-39C77D5D10A2}"
EndProject
Project("{FAE04EC0-301F-11D3-BF4B-00C04F79EFBC}") = "CustomGameOptions", "00-CustomGameOptions\CustomGameOptions.csproj", "{1A4334AE-8A07-45B1-B9C4-C0A125E56A61}"
EndProject
Global
	GlobalSection(SolutionConfigurationPlatforms) = preSolution
		Debug|Any CPU = Debug|Any CPU
		Release|Any CPU = Release|Any CPU
	EndGlobalSection
	GlobalSection(ProjectConfigurationPlatforms) = postSolution
		{5717E58E-D52D-46B1-AF8D-EA06BF410286}.Debug|Any CPU.ActiveCfg = Debug|Any CPU
		{5717E58E-D52D-46B1-AF8D-EA06BF410286}.Debug|Any CPU.Build.0 = Debug|Any CPU
		{5717E58E-D52D-46B1-AF8D-EA06BF410286}.Release|Any CPU.ActiveCfg = Release|Any CPU
		{5717E58E-D52D-46B1-AF8D-EA06BF410286}.Release|Any CPU.Build.0 = Release|Any CPU
		{87A2B4C8-D921-46DA-BDB6-59F7E22686F5}.Debug|Any CPU.ActiveCfg = Debug|Any CPU
		{87A2B4C8-D921-46DA-BDB6-59F7E22686F5}.Debug|Any CPU.Build.0 = Debug|Any CPU
		{87A2B4C8-D921-46DA-BDB6-59F7E22686F5}.Release|Any CPU.ActiveCfg = Release|Any CPU
		{87A2B4C8-D921-46DA-BDB6-59F7E22686F5}.Release|Any CPU.Build.0 = Release|Any CPU
		{2BEFA859-CE1D-4F90-8AC6-5A1F213025A9}.Debug|Any CPU.ActiveCfg = Debug|Any CPU
		{2BEFA859-CE1D-4F90-8AC6-5A1F213025A9}.Release|Any CPU.ActiveCfg = Release|Any CPU
		{2BEFA859-CE1D-4F90-8AC6-5A1F213025A9}.Release|Any CPU.Build.0 = Release|Any CPU
		{D7753B76-3B71-452A-BEE1-0378EA492ADC}.Debug|Any CPU.ActiveCfg = Debug|Any CPU
		{D7753B76-3B71-452A-BEE1-0378EA492ADC}.Release|Any CPU.ActiveCfg = Release|Any CPU
		{D7753B76-3B71-452A-BEE1-0378EA492ADC}.Release|Any CPU.Build.0 = Release|Any CPU
		{FCBF6B95-AD2C-4402-8E74-253B0A2FDF9D}.Debug|Any CPU.ActiveCfg = Debug|Any CPU
		{FCBF6B95-AD2C-4402-8E74-253B0A2FDF9D}.Release|Any CPU.ActiveCfg = Release|Any CPU
		{FCBF6B95-AD2C-4402-8E74-253B0A2FDF9D}.Release|Any CPU.Build.0 = Release|Any CPU
		{7895CBC9-4EB6-405F-B284-8751F0F69950}.Debug|Any CPU.ActiveCfg = Debug|Any CPU
		{7895CBC9-4EB6-405F-B284-8751F0F69950}.Release|Any CPU.ActiveCfg = Release|Any CPU
		{7895CBC9-4EB6-405F-B284-8751F0F69950}.Release|Any CPU.Build.0 = Release|Any CPU
		{C2DC2D3C-23A3-4B5F-ACEE-39C77D5D10A2}.Debug|Any CPU.ActiveCfg = Debug|Any CPU
		{C2DC2D3C-23A3-4B5F-ACEE-39C77D5D10A2}.Debug|Any CPU.Build.0 = Debug|Any CPU
		{C2DC2D3C-23A3-4B5F-ACEE-39C77D5D10A2}.Release|Any CPU.ActiveCfg = Release|Any CPU
		{C2DC2D3C-23A3-4B5F-ACEE-39C77D5D10A2}.Release|Any CPU.Build.0 = Release|Any CPU
		{1A4334AE-8A07-45B1-B9C4-C0A125E56A61}.Debug|Any CPU.ActiveCfg = Debug|Any CPU
		{1A4334AE-8A07-45B1-B9C4-C0A125E56A61}.Debug|Any CPU.Build.0 = Debug|Any CPU
		{1A4334AE-8A07-45B1-B9C4-C0A125E56A61}.Release|Any CPU.ActiveCfg = Release|Any CPU
		{1A4334AE-8A07-45B1-B9C4-C0A125E56A61}.Release|Any CPU.Build.0 = Release|Any CPU
	EndGlobalSection
EndGlobal
